// !$*UTF8*$!
{
	archiveVersion = 1;
	classes = {
	};
	objectVersion = 56;
	objects = {

/* Begin PBXBuildFile section */
		480BE1F32A3479ED00BD53C2 /* CapsuleApp.swift in Sources */ = {isa = PBXBuildFile; fileRef = 480BE1F22A3479ED00BD53C2 /* CapsuleApp.swift */; };
		480BE1F52A3479ED00BD53C2 /* ContentView.swift in Sources */ = {isa = PBXBuildFile; fileRef = 480BE1F42A3479ED00BD53C2 /* ContentView.swift */; };
		480BE1F72A3479EF00BD53C2 /* Assets.xcassets in Resources */ = {isa = PBXBuildFile; fileRef = 480BE1F62A3479EF00BD53C2 /* Assets.xcassets */; };
		480BE1FA2A3479EF00BD53C2 /* Preview Assets.xcassets in Resources */ = {isa = PBXBuildFile; fileRef = 480BE1F92A3479EF00BD53C2 /* Preview Assets.xcassets */; };
		480BE1FC2A3479EF00BD53C2 /* Item.swift in Sources */ = {isa = PBXBuildFile; fileRef = 480BE1FB2A3479EF00BD53C2 /* Item.swift */; };
		480BE2072A3479EF00BD53C2 /* CapsuleTests.swift in Sources */ = {isa = PBXBuildFile; fileRef = 480BE2062A3479EF00BD53C2 /* CapsuleTests.swift */; };
		480BE2112A3479EF00BD53C2 /* CapsuleUITests.swift in Sources */ = {isa = PBXBuildFile; fileRef = 480BE2102A3479EF00BD53C2 /* CapsuleUITests.swift */; };
		480BE2132A3479EF00BD53C2 /* CapsuleUITestsLaunchTests.swift in Sources */ = {isa = PBXBuildFile; fileRef = 480BE2122A3479EF00BD53C2 /* CapsuleUITestsLaunchTests.swift */; };
/* End PBXBuildFile section */

/* Begin PBXContainerItemProxy section */
		480BE2032A3479EF00BD53C2 /* PBXContainerItemProxy */ = {
			isa = PBXContainerItemProxy;
			containerPortal = 480BE1E72A3479ED00BD53C2 /* Project object */;
			proxyType = 1;
			remoteGlobalIDString = 480BE1EE2A3479ED00BD53C2;
			remoteInfo = Capsule;
		};
		480BE20D2A3479EF00BD53C2 /* PBXContainerItemProxy */ = {
			isa = PBXContainerItemProxy;
			containerPortal = 480BE1E72A3479ED00BD53C2 /* Project object */;
			proxyType = 1;
			remoteGlobalIDString = 480BE1EE2A3479ED00BD53C2;
			remoteInfo = Capsule;
		};
/* End PBXContainerItemProxy section */

/* Begin PBXFileReference section */
		480BE1EF2A3479ED00BD53C2 /* Capsule.app */ = {isa = PBXFileReference; explicitFileType = wrapper.application; includeInIndex = 0; path = Capsule.app; sourceTree = BUILT_PRODUCTS_DIR; };
		480BE1F22A3479ED00BD53C2 /* CapsuleApp.swift */ = {isa = PBXFileReference; lastKnownFileType = sourcecode.swift; path = CapsuleApp.swift; sourceTree = "<group>"; };
		480BE1F42A3479ED00BD53C2 /* ContentView.swift */ = {isa = PBXFileReference; lastKnownFileType = sourcecode.swift; path = ContentView.swift; sourceTree = "<group>"; };
		480BE1F62A3479EF00BD53C2 /* Assets.xcassets */ = {isa = PBXFileReference; lastKnownFileType = folder.assetcatalog; path = Assets.xcassets; sourceTree = "<group>"; };
		480BE1F92A3479EF00BD53C2 /* Preview Assets.xcassets */ = {isa = PBXFileReference; lastKnownFileType = folder.assetcatalog; path = "Preview Assets.xcassets"; sourceTree = "<group>"; };
		480BE1FB2A3479EF00BD53C2 /* Item.swift */ = {isa = PBXFileReference; lastKnownFileType = sourcecode.swift; path = Item.swift; sourceTree = "<group>"; };
		480BE1FD2A3479EF00BD53C2 /* Capsule.entitlements */ = {isa = PBXFileReference; lastKnownFileType = text.plist.entitlements; path = Capsule.entitlements; sourceTree = "<group>"; };
		480BE2022A3479EF00BD53C2 /* CapsuleTests.xctest */ = {isa = PBXFileReference; explicitFileType = wrapper.cfbundle; includeInIndex = 0; path = CapsuleTests.xctest; sourceTree = BUILT_PRODUCTS_DIR; };
		480BE2062A3479EF00BD53C2 /* CapsuleTests.swift */ = {isa = PBXFileReference; lastKnownFileType = sourcecode.swift; path = CapsuleTests.swift; sourceTree = "<group>"; };
		480BE20C2A3479EF00BD53C2 /* CapsuleUITests.xctest */ = {isa = PBXFileReference; explicitFileType = wrapper.cfbundle; includeInIndex = 0; path = CapsuleUITests.xctest; sourceTree = BUILT_PRODUCTS_DIR; };
		480BE2102A3479EF00BD53C2 /* CapsuleUITests.swift */ = {isa = PBXFileReference; lastKnownFileType = sourcecode.swift; path = CapsuleUITests.swift; sourceTree = "<group>"; };
		480BE2122A3479EF00BD53C2 /* CapsuleUITestsLaunchTests.swift */ = {isa = PBXFileReference; lastKnownFileType = sourcecode.swift; path = CapsuleUITestsLaunchTests.swift; sourceTree = "<group>"; };
/* End PBXFileReference section */

/* Begin PBXFrameworksBuildPhase section */
		480BE1EC2A3479ED00BD53C2 /* Frameworks */ = {
			isa = PBXFrameworksBuildPhase;
			buildActionMask = 2147483647;
			files = (
			);
			runOnlyForDeploymentPostprocessing = 0;
		};
		480BE1FF2A3479EF00BD53C2 /* Frameworks */ = {
			isa = PBXFrameworksBuildPhase;
			buildActionMask = 2147483647;
			files = (
			);
			runOnlyForDeploymentPostprocessing = 0;
		};
		480BE2092A3479EF00BD53C2 /* Frameworks */ = {
			isa = PBXFrameworksBuildPhase;
			buildActionMask = 2147483647;
			files = (
			);
			runOnlyForDeploymentPostprocessing = 0;
		};
/* End PBXFrameworksBuildPhase section */

/* Begin PBXGroup section */
		480BE1E62A3479ED00BD53C2 = {
			isa = PBXGroup;
			children = (
				480BE1F12A3479ED00BD53C2 /* Capsule */,
				480BE2052A3479EF00BD53C2 /* CapsuleTests */,
				480BE20F2A3479EF00BD53C2 /* CapsuleUITests */,
				480BE1F02A3479ED00BD53C2 /* Products */,
			);
			sourceTree = "<group>";
		};
		480BE1F02A3479ED00BD53C2 /* Products */ = {
			isa = PBXGroup;
			children = (
				480BE1EF2A3479ED00BD53C2 /* Capsule.app */,
				480BE2022A3479EF00BD53C2 /* CapsuleTests.xctest */,
				480BE20C2A3479EF00BD53C2 /* CapsuleUITests.xctest */,
			);
			name = Products;
			sourceTree = "<group>";
		};
		480BE1F12A3479ED00BD53C2 /* Capsule */ = {
			isa = PBXGroup;
			children = (
				480BE1F22A3479ED00BD53C2 /* CapsuleApp.swift */,
				480BE1F42A3479ED00BD53C2 /* ContentView.swift */,
				480BE1F62A3479EF00BD53C2 /* Assets.xcassets */,
				480BE1FB2A3479EF00BD53C2 /* Item.swift */,
				480BE1FD2A3479EF00BD53C2 /* Capsule.entitlements */,
				480BE1F82A3479EF00BD53C2 /* Preview Content */,
			);
			path = Capsule;
			sourceTree = "<group>";
		};
		480BE1F82A3479EF00BD53C2 /* Preview Content */ = {
			isa = PBXGroup;
			children = (
				480BE1F92A3479EF00BD53C2 /* Preview Assets.xcassets */,
			);
			path = "Preview Content";
			sourceTree = "<group>";
		};
		480BE2052A3479EF00BD53C2 /* CapsuleTests */ = {
			isa = PBXGroup;
			children = (
				480BE2062A3479EF00BD53C2 /* CapsuleTests.swift */,
			);
			path = CapsuleTests;
			sourceTree = "<group>";
		};
		480BE20F2A3479EF00BD53C2 /* CapsuleUITests */ = {
			isa = PBXGroup;
			children = (
				480BE2102A3479EF00BD53C2 /* CapsuleUITests.swift */,
				480BE2122A3479EF00BD53C2 /* CapsuleUITestsLaunchTests.swift */,
			);
			path = CapsuleUITests;
			sourceTree = "<group>";
		};
/* End PBXGroup section */

/* Begin PBXNativeTarget section */
		480BE1EE2A3479ED00BD53C2 /* Capsule */ = {
			isa = PBXNativeTarget;
			buildConfigurationList = 480BE2162A3479EF00BD53C2 /* Build configuration list for PBXNativeTarget "Capsule" */;
			buildPhases = (
				480BE1EB2A3479ED00BD53C2 /* Sources */,
				480BE1EC2A3479ED00BD53C2 /* Frameworks */,
				480BE1ED2A3479ED00BD53C2 /* Resources */,
			);
			buildRules = (
			);
			dependencies = (
			);
			name = Capsule;
			productName = Capsule;
			productReference = 480BE1EF2A3479ED00BD53C2 /* Capsule.app */;
			productType = "com.apple.product-type.application";
		};
		480BE2012A3479EF00BD53C2 /* CapsuleTests */ = {
			isa = PBXNativeTarget;
			buildConfigurationList = 480BE2192A3479EF00BD53C2 /* Build configuration list for PBXNativeTarget "CapsuleTests" */;
			buildPhases = (
				480BE1FE2A3479EF00BD53C2 /* Sources */,
				480BE1FF2A3479EF00BD53C2 /* Frameworks */,
				480BE2002A3479EF00BD53C2 /* Resources */,
			);
			buildRules = (
			);
			dependencies = (
				480BE2042A3479EF00BD53C2 /* PBXTargetDependency */,
			);
			name = CapsuleTests;
			productName = CapsuleTests;
			productReference = 480BE2022A3479EF00BD53C2 /* CapsuleTests.xctest */;
			productType = "com.apple.product-type.bundle.unit-test";
		};
		480BE20B2A3479EF00BD53C2 /* CapsuleUITests */ = {
			isa = PBXNativeTarget;
			buildConfigurationList = 480BE21C2A3479EF00BD53C2 /* Build configuration list for PBXNativeTarget "CapsuleUITests" */;
			buildPhases = (
				480BE2082A3479EF00BD53C2 /* Sources */,
				480BE2092A3479EF00BD53C2 /* Frameworks */,
				480BE20A2A3479EF00BD53C2 /* Resources */,
			);
			buildRules = (
			);
			dependencies = (
				480BE20E2A3479EF00BD53C2 /* PBXTargetDependency */,
			);
			name = CapsuleUITests;
			productName = CapsuleUITests;
			productReference = 480BE20C2A3479EF00BD53C2 /* CapsuleUITests.xctest */;
			productType = "com.apple.product-type.bundle.ui-testing";
		};
/* End PBXNativeTarget section */

/* Begin PBXProject section */
		480BE1E72A3479ED00BD53C2 /* Project object */ = {
			isa = PBXProject;
			attributes = {
				BuildIndependentTargetsInParallel = 1;
				LastSwiftUpdateCheck = 1500;
				LastUpgradeCheck = 1500;
				TargetAttributes = {
					480BE1EE2A3479ED00BD53C2 = {
						CreatedOnToolsVersion = 15.0;
					};
					480BE2012A3479EF00BD53C2 = {
						CreatedOnToolsVersion = 15.0;
						TestTargetID = 480BE1EE2A3479ED00BD53C2;
					};
					480BE20B2A3479EF00BD53C2 = {
						CreatedOnToolsVersion = 15.0;
						TestTargetID = 480BE1EE2A3479ED00BD53C2;
					};
				};
			};
			buildConfigurationList = 480BE1EA2A3479ED00BD53C2 /* Build configuration list for PBXProject "Capsule" */;
			compatibilityVersion = "Xcode 14.0";
			developmentRegion = en;
			hasScannedForEncodings = 0;
			knownRegions = (
				en,
				Base,
			);
			mainGroup = 480BE1E62A3479ED00BD53C2;
			productRefGroup = 480BE1F02A3479ED00BD53C2 /* Products */;
			projectDirPath = "";
			projectRoot = "";
			targets = (
				480BE1EE2A3479ED00BD53C2 /* Capsule */,
				480BE2012A3479EF00BD53C2 /* CapsuleTests */,
				480BE20B2A3479EF00BD53C2 /* CapsuleUITests */,
			);
		};
/* End PBXProject section */

/* Begin PBXResourcesBuildPhase section */
		480BE1ED2A3479ED00BD53C2 /* Resources */ = {
			isa = PBXResourcesBuildPhase;
			buildActionMask = 2147483647;
			files = (
				480BE1FA2A3479EF00BD53C2 /* Preview Assets.xcassets in Resources */,
				480BE1F72A3479EF00BD53C2 /* Assets.xcassets in Resources */,
			);
			runOnlyForDeploymentPostprocessing = 0;
		};
		480BE2002A3479EF00BD53C2 /* Resources */ = {
			isa = PBXResourcesBuildPhase;
			buildActionMask = 2147483647;
			files = (
			);
			runOnlyForDeploymentPostprocessing = 0;
		};
		480BE20A2A3479EF00BD53C2 /* Resources */ = {
			isa = PBXResourcesBuildPhase;
			buildActionMask = 2147483647;
			files = (
			);
			runOnlyForDeploymentPostprocessing = 0;
		};
/* End PBXResourcesBuildPhase section */

/* Begin PBXSourcesBuildPhase section */
		480BE1EB2A3479ED00BD53C2 /* Sources */ = {
			isa = PBXSourcesBuildPhase;
			buildActionMask = 2147483647;
			files = (
				480BE1F52A3479ED00BD53C2 /* ContentView.swift in Sources */,
				480BE1FC2A3479EF00BD53C2 /* Item.swift in Sources */,
				480BE1F32A3479ED00BD53C2 /* CapsuleApp.swift in Sources */,
			);
			runOnlyForDeploymentPostprocessing = 0;
		};
		480BE1FE2A3479EF00BD53C2 /* Sources */ = {
			isa = PBXSourcesBuildPhase;
			buildActionMask = 2147483647;
			files = (
				480BE2072A3479EF00BD53C2 /* CapsuleTests.swift in Sources */,
			);
			runOnlyForDeploymentPostprocessing = 0;
		};
		480BE2082A3479EF00BD53C2 /* Sources */ = {
			isa = PBXSourcesBuildPhase;
			buildActionMask = 2147483647;
			files = (
				480BE2132A3479EF00BD53C2 /* CapsuleUITestsLaunchTests.swift in Sources */,
				480BE2112A3479EF00BD53C2 /* CapsuleUITests.swift in Sources */,
			);
			runOnlyForDeploymentPostprocessing = 0;
		};
/* End PBXSourcesBuildPhase section */

/* Begin PBXTargetDependency section */
		480BE2042A3479EF00BD53C2 /* PBXTargetDependency */ = {
			isa = PBXTargetDependency;
			target = 480BE1EE2A3479ED00BD53C2 /* Capsule */;
			targetProxy = 480BE2032A3479EF00BD53C2 /* PBXContainerItemProxy */;
		};
		480BE20E2A3479EF00BD53C2 /* PBXTargetDependency */ = {
			isa = PBXTargetDependency;
			target = 480BE1EE2A3479ED00BD53C2 /* Capsule */;
			targetProxy = 480BE20D2A3479EF00BD53C2 /* PBXContainerItemProxy */;
		};
/* End PBXTargetDependency section */

/* Begin XCBuildConfiguration section */
		480BE2142A3479EF00BD53C2 /* Debug */ = {
			isa = XCBuildConfiguration;
			buildSettings = {
				ALWAYS_SEARCH_USER_PATHS = NO;
				ASSETCATALOG_COMPILER_GENERATE_SWIFT_ASSET_SYMBOL_EXTENSIONS = YES;
				CLANG_ANALYZER_NONNULL = YES;
				CLANG_ANALYZER_NUMBER_OBJECT_CONVERSION = YES_AGGRESSIVE;
				CLANG_CXX_LANGUAGE_STANDARD = "gnu++20";
				CLANG_ENABLE_MODULES = YES;
				CLANG_ENABLE_OBJC_ARC = YES;
				CLANG_ENABLE_OBJC_WEAK = YES;
				CLANG_WARN_BLOCK_CAPTURE_AUTORELEASING = YES;
				CLANG_WARN_BOOL_CONVERSION = YES;
				CLANG_WARN_COMMA = YES;
				CLANG_WARN_CONSTANT_CONVERSION = YES;
				CLANG_WARN_DEPRECATED_OBJC_IMPLEMENTATIONS = YES;
				CLANG_WARN_DIRECT_OBJC_ISA_USAGE = YES_ERROR;
				CLANG_WARN_DOCUMENTATION_COMMENTS = YES;
				CLANG_WARN_EMPTY_BODY = YES;
				CLANG_WARN_ENUM_CONVERSION = YES;
				CLANG_WARN_INFINITE_RECURSION = YES;
				CLANG_WARN_INT_CONVERSION = YES;
				CLANG_WARN_NON_LITERAL_NULL_CONVERSION = YES;
				CLANG_WARN_OBJC_IMPLICIT_RETAIN_SELF = YES;
				CLANG_WARN_OBJC_LITERAL_CONVERSION = YES;
				CLANG_WARN_OBJC_ROOT_CLASS = YES_ERROR;
				CLANG_WARN_QUOTED_INCLUDE_IN_FRAMEWORK_HEADER = YES;
				CLANG_WARN_RANGE_LOOP_ANALYSIS = YES;
				CLANG_WARN_STRICT_PROTOTYPES = YES;
				CLANG_WARN_SUSPICIOUS_MOVE = YES;
				CLANG_WARN_UNGUARDED_AVAILABILITY = YES_AGGRESSIVE;
				CLANG_WARN_UNREACHABLE_CODE = YES;
				CLANG_WARN__DUPLICATE_METHOD_MATCH = YES;
				COPY_PHASE_STRIP = NO;
				DEBUG_INFORMATION_FORMAT = dwarf;
				ENABLE_STRICT_OBJC_MSGSEND = YES;
				ENABLE_TESTABILITY = YES;
				ENABLE_USER_SCRIPT_SANDBOXING = YES;
				GCC_C_LANGUAGE_STANDARD = gnu17;
				GCC_DYNAMIC_NO_PIC = NO;
				GCC_NO_COMMON_BLOCKS = YES;
				GCC_OPTIMIZATION_LEVEL = 0;
				GCC_PREPROCESSOR_DEFINITIONS = (
					"DEBUG=1",
					"$(inherited)",
				);
				GCC_WARN_64_TO_32_BIT_CONVERSION = YES;
				GCC_WARN_ABOUT_RETURN_TYPE = YES_ERROR;
				GCC_WARN_UNDECLARED_SELECTOR = YES;
				GCC_WARN_UNINITIALIZED_AUTOS = YES_AGGRESSIVE;
				GCC_WARN_UNUSED_FUNCTION = YES;
				GCC_WARN_UNUSED_VARIABLE = YES;
				LOCALIZATION_PREFERS_STRING_CATALOGS = YES;
				MACOSX_DEPLOYMENT_TARGET = 14.0;
				MTL_ENABLE_DEBUG_INFO = INCLUDE_SOURCE;
				MTL_FAST_MATH = YES;
				ONLY_ACTIVE_ARCH = YES;
				SDKROOT = macosx;
				SWIFT_ACTIVE_COMPILATION_CONDITIONS = "DEBUG $(inherited)";
				SWIFT_OPTIMIZATION_LEVEL = "-Onone";
			};
			name = Debug;
		};
		480BE2152A3479EF00BD53C2 /* Release */ = {
			isa = XCBuildConfiguration;
			buildSettings = {
				ALWAYS_SEARCH_USER_PATHS = NO;
				ASSETCATALOG_COMPILER_GENERATE_SWIFT_ASSET_SYMBOL_EXTENSIONS = YES;
				CLANG_ANALYZER_NONNULL = YES;
				CLANG_ANALYZER_NUMBER_OBJECT_CONVERSION = YES_AGGRESSIVE;
				CLANG_CXX_LANGUAGE_STANDARD = "gnu++20";
				CLANG_ENABLE_MODULES = YES;
				CLANG_ENABLE_OBJC_ARC = YES;
				CLANG_ENABLE_OBJC_WEAK = YES;
				CLANG_WARN_BLOCK_CAPTURE_AUTORELEASING = YES;
				CLANG_WARN_BOOL_CONVERSION = YES;
				CLANG_WARN_COMMA = YES;
				CLANG_WARN_CONSTANT_CONVERSION = YES;
				CLANG_WARN_DEPRECATED_OBJC_IMPLEMENTATIONS = YES;
				CLANG_WARN_DIRECT_OBJC_ISA_USAGE = YES_ERROR;
				CLANG_WARN_DOCUMENTATION_COMMENTS = YES;
				CLANG_WARN_EMPTY_BODY = YES;
				CLANG_WARN_ENUM_CONVERSION = YES;
				CLANG_WARN_INFINITE_RECURSION = YES;
				CLANG_WARN_INT_CONVERSION = YES;
				CLANG_WARN_NON_LITERAL_NULL_CONVERSION = YES;
				CLANG_WARN_OBJC_IMPLICIT_RETAIN_SELF = YES;
				CLANG_WARN_OBJC_LITERAL_CONVERSION = YES;
				CLANG_WARN_OBJC_ROOT_CLASS = YES_ERROR;
				CLANG_WARN_QUOTED_INCLUDE_IN_FRAMEWORK_HEADER = YES;
				CLANG_WARN_RANGE_LOOP_ANALYSIS = YES;
				CLANG_WARN_STRICT_PROTOTYPES = YES;
				CLANG_WARN_SUSPICIOUS_MOVE = YES;
				CLANG_WARN_UNGUARDED_AVAILABILITY = YES_AGGRESSIVE;
				CLANG_WARN_UNREACHABLE_CODE = YES;
				CLANG_WARN__DUPLICATE_METHOD_MATCH = YES;
				COPY_PHASE_STRIP = NO;
				DEBUG_INFORMATION_FORMAT = "dwarf-with-dsym";
				ENABLE_NS_ASSERTIONS = NO;
				ENABLE_STRICT_OBJC_MSGSEND = YES;
				ENABLE_USER_SCRIPT_SANDBOXING = YES;
				GCC_C_LANGUAGE_STANDARD = gnu17;
				GCC_NO_COMMON_BLOCKS = YES;
				GCC_WARN_64_TO_32_BIT_CONVERSION = YES;
				GCC_WARN_ABOUT_RETURN_TYPE = YES_ERROR;
				GCC_WARN_UNDECLARED_SELECTOR = YES;
				GCC_WARN_UNINITIALIZED_AUTOS = YES_AGGRESSIVE;
				GCC_WARN_UNUSED_FUNCTION = YES;
				GCC_WARN_UNUSED_VARIABLE = YES;
				LOCALIZATION_PREFERS_STRING_CATALOGS = YES;
				MACOSX_DEPLOYMENT_TARGET = 14.0;
				MTL_ENABLE_DEBUG_INFO = NO;
				MTL_FAST_MATH = YES;
				SDKROOT = macosx;
				SWIFT_COMPILATION_MODE = wholemodule;
			};
			name = Release;
		};
		480BE2172A3479EF00BD53C2 /* Debug */ = {
			isa = XCBuildConfiguration;
			buildSettings = {
				ASSETCATALOG_COMPILER_APPICON_NAME = AppIcon;
				ASSETCATALOG_COMPILER_GLOBAL_ACCENT_COLOR_NAME = AccentColor;
				CODE_SIGN_ENTITLEMENTS = Capsule/Capsule.entitlements;
				CODE_SIGN_STYLE = Automatic;
				COMBINE_HIDPI_IMAGES = YES;
				CURRENT_PROJECT_VERSION = 1;
				DEVELOPMENT_ASSET_PATHS = "\"Capsule/Preview Content\"";
				ENABLE_PREVIEWS = YES;
				GENERATE_INFOPLIST_FILE = YES;
				INFOPLIST_KEY_NSHumanReadableCopyright = "";
				LD_RUNPATH_SEARCH_PATHS = (
					"$(inherited)",
					"@executable_path/../Frameworks",
				);
				MARKETING_VERSION = 1.0;
				PRODUCT_BUNDLE_IDENTIFIER = com.matthewreichardt.Capsule;
				PRODUCT_NAME = "$(TARGET_NAME)";
				SWIFT_EMIT_LOC_STRINGS = YES;
				SWIFT_VERSION = 5.0;
			};
			name = Debug;
		};
		480BE2182A3479EF00BD53C2 /* Release */ = {
			isa = XCBuildConfiguration;
			buildSettings = {
				ASSETCATALOG_COMPILER_APPICON_NAME = AppIcon;
				ASSETCATALOG_COMPILER_GLOBAL_ACCENT_COLOR_NAME = AccentColor;
				CODE_SIGN_ENTITLEMENTS = Capsule/Capsule.entitlements;
				CODE_SIGN_STYLE = Automatic;
				COMBINE_HIDPI_IMAGES = YES;
				CURRENT_PROJECT_VERSION = 1;
				DEVELOPMENT_ASSET_PATHS = "\"Capsule/Preview Content\"";
				ENABLE_PREVIEWS = YES;
				GENERATE_INFOPLIST_FILE = YES;
				INFOPLIST_KEY_NSHumanReadableCopyright = "";
				LD_RUNPATH_SEARCH_PATHS = (
					"$(inherited)",
					"@executable_path/../Frameworks",
				);
				MARKETING_VERSION = 1.0;
				PRODUCT_BUNDLE_IDENTIFIER = com.matthewreichardt.Capsule;
				PRODUCT_NAME = "$(TARGET_NAME)";
				SWIFT_EMIT_LOC_STRINGS = YES;
				SWIFT_VERSION = 5.0;
			};
			name = Release;
		};
		480BE21A2A3479EF00BD53C2 /* Debug */ = {
			isa = XCBuildConfiguration;
			buildSettings = {
				ALWAYS_EMBED_SWIFT_STANDARD_LIBRARIES = YES;
				BUNDLE_LOADER = "$(TEST_HOST)";
				CODE_SIGN_STYLE = Automatic;
				CURRENT_PROJECT_VERSION = 1;
				GENERATE_INFOPLIST_FILE = YES;
				MACOSX_DEPLOYMENT_TARGET = 14.0;
				MARKETING_VERSION = 1.0;
				PRODUCT_BUNDLE_IDENTIFIER = com.matthewreichardt.CapsuleTests;
				PRODUCT_NAME = "$(TARGET_NAME)";
				SWIFT_EMIT_LOC_STRINGS = NO;
				SWIFT_VERSION = 5.0;
				TEST_HOST = "$(BUILT_PRODUCTS_DIR)/Capsule.app/$(BUNDLE_EXECUTABLE_FOLDER_PATH)/Capsule";
			};
			name = Debug;
		};
		480BE21B2A3479EF00BD53C2 /* Release */ = {
			isa = XCBuildConfiguration;
			buildSettings = {
				ALWAYS_EMBED_SWIFT_STANDARD_LIBRARIES = YES;
				BUNDLE_LOADER = "$(TEST_HOST)";
				CODE_SIGN_STYLE = Automatic;
				CURRENT_PROJECT_VERSION = 1;
				GENERATE_INFOPLIST_FILE = YES;
				MACOSX_DEPLOYMENT_TARGET = 14.0;
				MARKETING_VERSION = 1.0;
				PRODUCT_BUNDLE_IDENTIFIER = com.matthewreichardt.CapsuleTests;
				PRODUCT_NAME = "$(TARGET_NAME)";
				SWIFT_EMIT_LOC_STRINGS = NO;
				SWIFT_VERSION = 5.0;
				TEST_HOST = "$(BUILT_PRODUCTS_DIR)/Capsule.app/$(BUNDLE_EXECUTABLE_FOLDER_PATH)/Capsule";
			};
			name = Release;
		};
		480BE21D2A3479EF00BD53C2 /* Debug */ = {
			isa = XCBuildConfiguration;
			buildSettings = {
				ALWAYS_EMBED_SWIFT_STANDARD_LIBRARIES = YES;
				CODE_SIGN_STYLE = Automatic;
				CURRENT_PROJECT_VERSION = 1;
				GENERATE_INFOPLIST_FILE = YES;
				MARKETING_VERSION = 1.0;
				PRODUCT_BUNDLE_IDENTIFIER = com.matthewreichardt.CapsuleUITests;
				PRODUCT_NAME = "$(TARGET_NAME)";
				SWIFT_EMIT_LOC_STRINGS = NO;
				SWIFT_VERSION = 5.0;
				TEST_TARGET_NAME = Capsule;
			};
			name = Debug;
		};
		480BE21E2A3479EF00BD53C2 /* Release */ = {
			isa = XCBuildConfiguration;
			buildSettings = {
				ALWAYS_EMBED_SWIFT_STANDARD_LIBRARIES = YES;
				CODE_SIGN_STYLE = Automatic;
				CURRENT_PROJECT_VERSION = 1;
				GENERATE_INFOPLIST_FILE = YES;
				MARKETING_VERSION = 1.0;
				PRODUCT_BUNDLE_IDENTIFIER = com.matthewreichardt.CapsuleUITests;
				PRODUCT_NAME = "$(TARGET_NAME)";
				SWIFT_EMIT_LOC_STRINGS = NO;
				SWIFT_VERSION = 5.0;
				TEST_TARGET_NAME = Capsule;
			};
			name = Release;
		};
/* End XCBuildConfiguration section */

/* Begin XCConfigurationList section */
		480BE1EA2A3479ED00BD53C2 /* Build configuration list for PBXProject "Capsule" */ = {
			isa = XCConfigurationList;
			buildConfigurations = (
				480BE2142A3479EF00BD53C2 /* Debug */,
				480BE2152A3479EF00BD53C2 /* Release */,
			);
			defaultConfigurationIsVisible = 0;
			defaultConfigurationName = Release;
		};
		480BE2162A3479EF00BD53C2 /* Build configuration list for PBXNativeTarget "Capsule" */ = {
			isa = XCConfigurationList;
			buildConfigurations = (
				480BE2172A3479EF00BD53C2 /* Debug */,
				480BE2182A3479EF00BD53C2 /* Release */,
			);
			defaultConfigurationIsVisible = 0;
			defaultConfigurationName = Release;
		};
		480BE2192A3479EF00BD53C2 /* Build configuration list for PBXNativeTarget "CapsuleTests" */ = {
			isa = XCConfigurationList;
			buildConfigurations = (
				480BE21A2A3479EF00BD53C2 /* Debug */,
				480BE21B2A3479EF00BD53C2 /* Release */,
			);
			defaultConfigurationIsVisible = 0;
			defaultConfigurationName = Release;
		};
		480BE21C2A3479EF00BD53C2 /* Build configuration list for PBXNativeTarget "CapsuleUITests" */ = {
			isa = XCConfigurationList;
			buildConfigurations = (
				480BE21D2A3479EF00BD53C2 /* Debug */,
				480BE21E2A3479EF00BD53C2 /* Release */,
			);
			defaultConfigurationIsVisible = 0;
			defaultConfigurationName = Release;
		};
/* End XCConfigurationList section */
	};
	rootObject = 480BE1E72A3479ED00BD53C2 /* Project object */;
}
